
Microsoft Visual Studio Solution File, Format Version 12.00
# Visual Studio Version 17
VisualStudioVersion = 17.8.34525.116
MinimumVisualStudioVersion = 10.0.40219.1
Project("{FAE04EC0-301F-11D3-BF4B-00C04F79EFBC}") = "ConsoleApp2", "ConsoleApp2\ConsoleApp2.csproj", "{B9C92746-CB33-4C6F-82F2-C26D54FBBB5D}"
EndProject
Global
	GlobalSection(SolutionConfigurationPlatforms) = preSolution
		Debug|Any CPU = Debug|Any CPU
		Release|Any CPU = Release|Any CPU
	EndGlobalSection
	GlobalSection(ProjectConfigurationPlatforms) = postSolution
		{B9C92746-CB33-4C6F-82F2-C26D54FBBB5D}.Debug|Any CPU.ActiveCfg = Debug|Any CPU
		{B9C92746-CB33-4C6F-82F2-C26D54FBBB5D}.Debug|Any CPU.Build.0 = Debug|Any CPU
		{B9C92746-CB33-4C6F-82F2-C26D54FBBB5D}.Release|Any CPU.ActiveCfg = Release|Any CPU
		{B9C92746-CB33-4C6F-82F2-C26D54FBBB5D}.Release|Any CPU.Build.0 = Release|Any CPU
	EndGlobalSection
	GlobalSection(SolutionProperties) = preSolution
		HideSolutionNode = FALSE
	EndGlobalSection
	GlobalSection(ExtensibilityGlobals) = postSolution
		SolutionGuid = {1DDED3A9-497F-4CC2-853D-28E30E81BF8E}
	EndGlobalSection
EndGlobal
